
Microsoft Visual Studio Solution File, Format Version 12.00
# Visual Studio 15
VisualStudioVersion = 15.0.27130.2026
MinimumVisualStudioVersion = 10.0.40219.1
Project("{FAE04EC0-301F-11D3-BF4B-00C04F79EFBC}") = "Presentation", "Presentation\Presentation.csproj", "{FCDC9638-62B8-4B84-9BC5-661ECCA0E612}"
EndProject
Project("{FAE04EC0-301F-11D3-BF4B-00C04F79EFBC}") = "DataAccess", "DataAccess\DataAccess.csproj", "{F96460CC-ED03-4DBE-B87A-50982133A078}"
EndProject
Project("{FAE04EC0-301F-11D3-BF4B-00C04F79EFBC}") = "BusinessLogic", "BusinessLogic\BusinessLogic.csproj", "{933CDF4D-FFDA-4135-9CD7-7866719602AA}"
EndProject
Global
	GlobalSection(SolutionConfigurationPlatforms) = preSolution
		Debug|Any CPU = Debug|Any CPU
		Release|Any CPU = Release|Any CPU
	EndGlobalSection
	GlobalSection(ProjectConfigurationPlatforms) = postSolution
		{FCDC9638-62B8-4B84-9BC5-661ECCA0E612}.Debug|Any CPU.ActiveCfg = Debug|Any CPU
		{FCDC9638-62B8-4B84-9BC5-661ECCA0E612}.Debug|Any CPU.Build.0 = Debug|Any CPU
		{FCDC9638-62B8-4B84-9BC5-661ECCA0E612}.Release|Any CPU.ActiveCfg = Release|Any CPU
		{FCDC9638-62B8-4B84-9BC5-661ECCA0E612}.Release|Any CPU.Build.0 = Release|Any CPU
		{F96460CC-ED03-4DBE-B87A-50982133A078}.Debug|Any CPU.ActiveCfg = Debug|Any CPU
		{F96460CC-ED03-4DBE-B87A-50982133A078}.Debug|Any CPU.Build.0 = Debug|Any CPU
		{F96460CC-ED03-4DBE-B87A-50982133A078}.Release|Any CPU.ActiveCfg = Release|Any CPU
		{F96460CC-ED03-4DBE-B87A-50982133A078}.Release|Any CPU.Build.0 = Release|Any CPU
		{933CDF4D-FFDA-4135-9CD7-7866719602AA}.Debug|Any CPU.ActiveCfg = Debug|Any CPU
		{933CDF4D-FFDA-4135-9CD7-7866719602AA}.Debug|Any CPU.Build.0 = Debug|Any CPU
		{933CDF4D-FFDA-4135-9CD7-7866719602AA}.Release|Any CPU.ActiveCfg = Release|Any CPU
		{933CDF4D-FFDA-4135-9CD7-7866719602AA}.Release|Any CPU.Build.0 = Release|Any CPU
	EndGlobalSection
	GlobalSection(SolutionProperties) = preSolution
		HideSolutionNode = FALSE
	EndGlobalSection
	GlobalSection(ExtensibilityGlobals) = postSolution
		SolutionGuid = {59A6AF4A-FD2A-4070-9441-EACEF43A532D}
	EndGlobalSection
EndGlobal
